
Microsoft Visual Studio Solution File, Format Version 12.00
# Visual Studio 15
VisualStudioVersion = 15.0.28307.572
MinimumVisualStudioVersion = 10.0.40219.1
Project("{FAE04EC0-301F-11D3-BF4B-00C04F79EFBC}") = "SentimentAnalysisFunctionsApp", "SentimentAnalysisFunctionsApp\SentimentAnalysisFunctionsApp.csproj", "{6377CB25-C8AC-4AE8-918F-22219379DD62}"
EndProject
Global
	GlobalSection(SolutionConfigurationPlatforms) = preSolution
		Debug|Any CPU = Debug|Any CPU
		Release|Any CPU = Release|Any CPU
	EndGlobalSection
	GlobalSection(ProjectConfigurationPlatforms) = postSolution
		{6377CB25-C8AC-4AE8-918F-22219379DD62}.Debug|Any CPU.ActiveCfg = Debug|Any CPU
		{6377CB25-C8AC-4AE8-918F-22219379DD62}.Debug|Any CPU.Build.0 = Debug|Any CPU
		{6377CB25-C8AC-4AE8-918F-22219379DD62}.Release|Any CPU.ActiveCfg = Release|Any CPU
		{6377CB25-C8AC-4AE8-918F-22219379DD62}.Release|Any CPU.Build.0 = Release|Any CPU
	EndGlobalSection
	GlobalSection(SolutionProperties) = preSolution
		HideSolutionNode = FALSE
	EndGlobalSection
	GlobalSection(ExtensibilityGlobals) = postSolution
		SolutionGuid = {D81502FD-279B-4447-9F67-1D88C7291BD6}
	EndGlobalSection
EndGlobal
